
Microsoft Visual Studio Solution File, Format Version 12.00
# Visual Studio 15
VisualStudioVersion = 15.0.28010.2003
MinimumVisualStudioVersion = 10.0.40219.1
Project("{9A19103F-16F7-4668-BE54-9A1E7A4F7556}") = "Leave.Api", "LeaveWebApplication\Leave.Api.csproj", "{4B2CC241-8393-47DF-8444-F97134FF476D}"
EndProject
Project("{9A19103F-16F7-4668-BE54-9A1E7A4F7556}") = "Leave.Core", "Leave.Core\Leave.Core.csproj", "{D7BD8DE4-1353-4D9A-BB59-268A5531D9DE}"
EndProject
Project("{9A19103F-16F7-4668-BE54-9A1E7A4F7556}") = "Leave.DAL", "Leave.DAL\Leave.DAL.csproj", "{E469903A-CC9C-467E-A609-1EE9934BB556}"
EndProject
Project("{9A19103F-16F7-4668-BE54-9A1E7A4F7556}") = "Leave.Infrastructure", "Leave.Infrastructure\Leave.Infrastructure.csproj", "{1AAF9870-E2F8-4E55-8C72-39AA11C8BC24}"
EndProject
Project("{2150E333-8FDC-42A3-9474-1A3956D46DE8}") = "DateBase", "DateBase", "{F29AFCB9-BBE7-48F4-B7F4-44D7B2F474D2}"
EndProject
Project("{00D1A9C2-B5F0-4AF3-8072-F6C62B433612}") = "Leave.Database", "Leave.Database\Leave.Database.sqlproj", "{4FF49EA1-B94C-4084-A136-0321B8963D59}"
EndProject
Global
	GlobalSection(SolutionConfigurationPlatforms) = preSolution
		Debug|Any CPU = Debug|Any CPU
		Release|Any CPU = Release|Any CPU
	EndGlobalSection
	GlobalSection(ProjectConfigurationPlatforms) = postSolution
		{4B2CC241-8393-47DF-8444-F97134FF476D}.Debug|Any CPU.ActiveCfg = Debug|Any CPU
		{4B2CC241-8393-47DF-8444-F97134FF476D}.Debug|Any CPU.Build.0 = Debug|Any CPU
		{4B2CC241-8393-47DF-8444-F97134FF476D}.Release|Any CPU.ActiveCfg = Release|Any CPU
		{4B2CC241-8393-47DF-8444-F97134FF476D}.Release|Any CPU.Build.0 = Release|Any CPU
		{D7BD8DE4-1353-4D9A-BB59-268A5531D9DE}.Debug|Any CPU.ActiveCfg = Debug|Any CPU
		{D7BD8DE4-1353-4D9A-BB59-268A5531D9DE}.Debug|Any CPU.Build.0 = Debug|Any CPU
		{D7BD8DE4-1353-4D9A-BB59-268A5531D9DE}.Release|Any CPU.ActiveCfg = Release|Any CPU
		{D7BD8DE4-1353-4D9A-BB59-268A5531D9DE}.Release|Any CPU.Build.0 = Release|Any CPU
		{E469903A-CC9C-467E-A609-1EE9934BB556}.Debug|Any CPU.ActiveCfg = Debug|Any CPU
		{E469903A-CC9C-467E-A609-1EE9934BB556}.Debug|Any CPU.Build.0 = Debug|Any CPU
		{E469903A-CC9C-467E-A609-1EE9934BB556}.Release|Any CPU.ActiveCfg = Release|Any CPU
		{E469903A-CC9C-467E-A609-1EE9934BB556}.Release|Any CPU.Build.0 = Release|Any CPU
		{1AAF9870-E2F8-4E55-8C72-39AA11C8BC24}.Debug|Any CPU.ActiveCfg = Debug|Any CPU
		{1AAF9870-E2F8-4E55-8C72-39AA11C8BC24}.Debug|Any CPU.Build.0 = Debug|Any CPU
		{1AAF9870-E2F8-4E55-8C72-39AA11C8BC24}.Release|Any CPU.ActiveCfg = Release|Any CPU
		{1AAF9870-E2F8-4E55-8C72-39AA11C8BC24}.Release|Any CPU.Build.0 = Release|Any CPU
		{4FF49EA1-B94C-4084-A136-0321B8963D59}.Debug|Any CPU.ActiveCfg = Debug|Any CPU
		{4FF49EA1-B94C-4084-A136-0321B8963D59}.Debug|Any CPU.Build.0 = Debug|Any CPU
		{4FF49EA1-B94C-4084-A136-0321B8963D59}.Debug|Any CPU.Deploy.0 = Debug|Any CPU
		{4FF49EA1-B94C-4084-A136-0321B8963D59}.Release|Any CPU.ActiveCfg = Release|Any CPU
		{4FF49EA1-B94C-4084-A136-0321B8963D59}.Release|Any CPU.Build.0 = Release|Any CPU
		{4FF49EA1-B94C-4084-A136-0321B8963D59}.Release|Any CPU.Deploy.0 = Release|Any CPU
	EndGlobalSection
	GlobalSection(SolutionProperties) = preSolution
		HideSolutionNode = FALSE
	EndGlobalSection
	GlobalSection(NestedProjects) = preSolution
		{4FF49EA1-B94C-4084-A136-0321B8963D59} = {F29AFCB9-BBE7-48F4-B7F4-44D7B2F474D2}
	EndGlobalSection
	GlobalSection(ExtensibilityGlobals) = postSolution
		SolutionGuid = {E3AC07EC-6300-48CC-BA6F-2D6F21EBF8DC}
	EndGlobalSection
EndGlobal
