
Microsoft Visual Studio Solution File, Format Version 12.00
# Visual Studio 15
VisualStudioVersion = 15.0.28010.2003
MinimumVisualStudioVersion = 10.0.40219.1
Project("{FAE04EC0-301F-11D3-BF4B-00C04F79EFBC}") = "LeaveWebApplication", "LeaveWebApplication\LeaveWebApplication.csproj", "{4B2CC241-8393-47DF-8444-F97134FF476D}"
EndProject
Global
	GlobalSection(SolutionConfigurationPlatforms) = preSolution
		Debug|Any CPU = Debug|Any CPU
		Release|Any CPU = Release|Any CPU
	EndGlobalSection
	GlobalSection(ProjectConfigurationPlatforms) = postSolution
		{4B2CC241-8393-47DF-8444-F97134FF476D}.Debug|Any CPU.ActiveCfg = Debug|Any CPU
		{4B2CC241-8393-47DF-8444-F97134FF476D}.Debug|Any CPU.Build.0 = Debug|Any CPU
		{4B2CC241-8393-47DF-8444-F97134FF476D}.Release|Any CPU.ActiveCfg = Release|Any CPU
		{4B2CC241-8393-47DF-8444-F97134FF476D}.Release|Any CPU.Build.0 = Release|Any CPU
	EndGlobalSection
	GlobalSection(SolutionProperties) = preSolution
		HideSolutionNode = FALSE
	EndGlobalSection
	GlobalSection(ExtensibilityGlobals) = postSolution
		SolutionGuid = {E3AC07EC-6300-48CC-BA6F-2D6F21EBF8DC}
	EndGlobalSection
EndGlobal
